
Microsoft Visual Studio Solution File, Format Version 12.00
# Visual Studio Express 15 for Windows Desktop
VisualStudioVersion = 15.0.28307.1525
MinimumVisualStudioVersion = 10.0.40219.1
Project("{FAE04EC0-301F-11D3-BF4B-00C04F79EFBC}") = "hexkeytowif", "hexkeytowif\hexkeytowif.csproj", "{B9CCDB07-4FDD-4739-B933-D6DA85275E52}"
EndProject
Global
	GlobalSection(SolutionConfigurationPlatforms) = preSolution
		Debug|Any CPU = Debug|Any CPU
		Release|Any CPU = Release|Any CPU
	EndGlobalSection
	GlobalSection(ProjectConfigurationPlatforms) = postSolution
		{B9CCDB07-4FDD-4739-B933-D6DA85275E52}.Debug|Any CPU.ActiveCfg = Debug|Any CPU
		{B9CCDB07-4FDD-4739-B933-D6DA85275E52}.Debug|Any CPU.Build.0 = Debug|Any CPU
		{B9CCDB07-4FDD-4739-B933-D6DA85275E52}.Release|Any CPU.ActiveCfg = Release|Any CPU
		{B9CCDB07-4FDD-4739-B933-D6DA85275E52}.Release|Any CPU.Build.0 = Release|Any CPU
	EndGlobalSection
	GlobalSection(SolutionProperties) = preSolution
		HideSolutionNode = FALSE
	EndGlobalSection
	GlobalSection(ExtensibilityGlobals) = postSolution
		SolutionGuid = {4109103A-5241-4BB8-9E60-4FC2D251A089}
	EndGlobalSection
EndGlobal
